{
  "version": 4,
  "terraform_version": "1.9.6",
  "serial": 1,
  "lineage": "5c6068ad-cfc3-e6da-e5b7-64f3d61d2d6c",
  "outputs": {},
  "resources": [
    {
      "mode": "managed",
      "type": "aws_vpc",
      "name": "base",
      "provider": "provider[\"registry.terraform.io/hashicorp/aws\"]",
      "instances": [
        {
          "schema_version": 1,
          "attributes": {
            "arn": "arn:aws:ec2:ap-south-1:585008055486:vpc/vpc-0ab3a0e99702294f6",
            "assign_generated_ipv6_cidr_block": false,
            "cidr_block": "10.0.0.0/16",
            "default_network_acl_id": "acl-02b06dc444503a43b",
            "default_route_table_id": "rtb-05127d262c204d510",
            "default_security_group_id": "sg-03c40f3f05650da1c",
            "dhcp_options_id": "dopt-0086ee028cec9169d",
            "enable_dns_hostnames": false,
            "enable_dns_support": true,
            "enable_network_address_usage_metrics": false,
            "id": "vpc-0ab3a0e99702294f6",
            "instance_tenancy": "default",
            "ipv4_ipam_pool_id": null,
            "ipv4_netmask_length": null,
            "ipv6_association_id": "",
            "ipv6_cidr_block": "",
            "ipv6_cidr_block_network_border_group": "",
            "ipv6_ipam_pool_id": "",
            "ipv6_netmask_length": 0,
            "main_route_table_id": "rtb-05127d262c204d510",
            "owner_id": "585008055486",
            "tags": {
              "Env": "dev",
              "Name": "terraform",
              "Project": "learning"
            },
            "tags_all": {
              "Env": "dev",
              "Name": "terraform",
              "Project": "learning"
            }
          },
          "sensitive_attributes": [],
          "private": "eyJzY2hlbWFfdmVyc2lvbiI6IjEifQ=="
        }
      ]
    }
  ],
  "check_results": null
}
